
Microsoft Visual Studio Solution File, Format Version 12.00
# Visual Studio Version 17
VisualStudioVersion = 17.9.34902.65
MinimumVisualStudioVersion = 10.0.40219.1
Project("{FAE04EC0-301F-11D3-BF4B-00C04F79EFBC}") = "WebApplication1", "WebApplication1\WebApplication1.csproj", "{F8646E90-6BEB-4B94-BB83-1726C2B52A08}"
EndProject
Global
	GlobalSection(SolutionConfigurationPlatforms) = preSolution
		Debug|Any CPU = Debug|Any CPU
		Release|Any CPU = Release|Any CPU
	EndGlobalSection
	GlobalSection(ProjectConfigurationPlatforms) = postSolution
		{F8646E90-6BEB-4B94-BB83-1726C2B52A08}.Debug|Any CPU.ActiveCfg = Debug|Any CPU
		{F8646E90-6BEB-4B94-BB83-1726C2B52A08}.Debug|Any CPU.Build.0 = Debug|Any CPU
		{F8646E90-6BEB-4B94-BB83-1726C2B52A08}.Release|Any CPU.ActiveCfg = Release|Any CPU
		{F8646E90-6BEB-4B94-BB83-1726C2B52A08}.Release|Any CPU.Build.0 = Release|Any CPU
	EndGlobalSection
	GlobalSection(SolutionProperties) = preSolution
		HideSolutionNode = FALSE
	EndGlobalSection
	GlobalSection(ExtensibilityGlobals) = postSolution
		SolutionGuid = {08C22299-637E-4F67-9D1D-F80E0DD876A0}
	EndGlobalSection
EndGlobal
